
Microsoft Visual Studio Solution File, Format Version 12.00
# Visual Studio 15
VisualStudioVersion = 15.0.28307.757
MinimumVisualStudioVersion = 10.0.40219.1
Project("{8BC9CEB8-8B4A-11D0-8D11-00A0C91BC942}") = "0819_STL_01_Overloading", "Neo_Study\Neo_Study.vcxproj", "{1E4DFF1C-A3EA-4E7D-AD94-354D0C8A3763}"
EndProject
Project("{8BC9CEB8-8B4A-11D0-8D11-00A0C91BC942}") = "0819_STL_02_SmartPointer", "STL_02_SmartPointer\STL_02_SmartPointer.vcxproj", "{3213F121-AEBE-487D-BBA6-2F30F01BC81C}"
EndProject
Project("{8BC9CEB8-8B4A-11D0-8D11-00A0C91BC942}") = "0819_STL_03_FuncPointer", "0819_STL_03_FuncPointer\0819_STL_03_FuncPointer.vcxproj", "{87753021-9671-40FD-86A6-3BBFBBDC6224}"
EndProject
Project("{8BC9CEB8-8B4A-11D0-8D11-00A0C91BC942}") = "0819_STL_04_FuncObject", "0819_STL_04_FuncObject\0819_STL_04_FuncObject.vcxproj", "{56BEA3BB-56D0-46ED-A6F8-D990640B9957}"
EndProject
Project("{8BC9CEB8-8B4A-11D0-8D11-00A0C91BC942}") = "0819_STL_05_Template", "0819_STL_05_Template\0819_STL_05_Template.vcxproj", "{F624C81D-2685-4361-9AD5-76C6E9C5B2D5}"
EndProject
Project("{8BC9CEB8-8B4A-11D0-8D11-00A0C91BC942}") = "0820_STL_06_STL-Start", "0820_STL_06_\0820_STL_06_.vcxproj", "{0953F224-3590-44E6-B8F6-823E43000B99}"
EndProject
Project("{8BC9CEB8-8B4A-11D0-8D11-00A0C91BC942}") = "0820_STL_07_SmartPointer2", "0820_STL_SmartPointer2\0820_STL_SmartPointer2.vcxproj", "{D447FF25-5095-46FD-BB05-B683186ED9EE}"
EndProject
Project("{8BC9CEB8-8B4A-11D0-8D11-00A0C91BC942}") = "0820_STL_08_StudentManager", "0820_STL_StudentManager\0820_STL_StudentManager.vcxproj", "{0736D7CE-229D-4717-9509-8CAE80FD50D1}"
EndProject
Project("{8BC9CEB8-8B4A-11D0-8D11-00A0C91BC942}") = "0820_STL_09_VectorContainer", "0820_STL_Container\0820_STL_Container.vcxproj", "{1CCF45C2-1019-428C-8404-04CEEF5049D5}"
EndProject
Project("{8BC9CEB8-8B4A-11D0-8D11-00A0C91BC942}") = "0821_STL_01_DequeContainer", "0821_STL_Container2\0821_STL_Container2.vcxproj", "{B4CFBB30-0AE1-453F-86A1-98EDBAD71FF0}"
EndProject
Project("{8BC9CEB8-8B4A-11D0-8D11-00A0C91BC942}") = "0821_STL_02_ListContainer", "0821_STL_02_ListContainer\0821_STL_02_ListContainer.vcxproj", "{285E061B-71B2-4ABB-BFAF-0B27270B6182}"
EndProject
Project("{8BC9CEB8-8B4A-11D0-8D11-00A0C91BC942}") = "0821_STL_03_SetContainer", "0821_STL_03_SetContainer\0821_STL_03_SetContainer.vcxproj", "{1161BC5D-D0A3-41D8-8EB4-5CE6EBDECB9D}"
EndProject
Project("{8BC9CEB8-8B4A-11D0-8D11-00A0C91BC942}") = "0821_STL_04_MapContainer", "0821_STL_04_MapContainer\0821_STL_04_MapContainer.vcxproj", "{FD58D9E5-5BA7-4155-9523-556AC4E1171D}"
EndProject
Project("{8BC9CEB8-8B4A-11D0-8D11-00A0C91BC942}") = "0821_STL_05_ElevatorSystem", "0821_STL_05_PlacticeGame\0821_STL_05_PlacticeGame.vcxproj", "{143CEC55-83E1-4A55-A511-73895043C084}"
EndProject
Project("{8BC9CEB8-8B4A-11D0-8D11-00A0C91BC942}") = "0822_STL_01_TestProject(forElvSystem)", "0822_STL_01_TestProject(forElvSystem)\0822_STL_01_TestProject(forElvSystem).vcxproj", "{636FD2D2-9B5E-4D6B-A225-C73369A4AAD4}"
EndProject
Project("{8BC9CEB8-8B4A-11D0-8D11-00A0C91BC942}") = "0822_STL_02_Algorithm", "0822_STL_02_Algorithm\0822_STL_02_Algorithm.vcxproj", "{728F1AD4-EE1B-4C57-BF88-8A033F72E1B3}"
EndProject
Project("{8BC9CEB8-8B4A-11D0-8D11-00A0C91BC942}") = "0823_STL_01_Algorithm2", "0823_STL_Algorithm2\0823_STL_Algorithm2.vcxproj", "{A4236692-6981-4AF8-B76F-562A3BDA84AA}"
EndProject
Project("{8BC9CEB8-8B4A-11D0-8D11-00A0C91BC942}") = "0827_STL_01_FunctionObject", "0827_STL_01_FunctionObject\0827_STL_01_FunctionObject.vcxproj", "{B7EC0DC5-A184-4A8E-AB85-75FAB49DF859}"
EndProject
Project("{8BC9CEB8-8B4A-11D0-8D11-00A0C91BC942}") = "0827_API_01_START", "0827_API_01_START\0827_API_01_START.vcxproj", "{99D27D5A-94DC-4FA6-A2F7-335E1471E337}"
EndProject
Project("{8BC9CEB8-8B4A-11D0-8D11-00A0C91BC942}") = "0828_API_01_INPUT", "0828_API_01_INPUT\0828_API_01_INPUT.vcxproj", "{8DFF78B6-B525-4A35-8581-4AC38A049055}"
EndProject
Project("{8BC9CEB8-8B4A-11D0-8D11-00A0C91BC942}") = "0828_API_02_Graphic", "0827_API_02_Graphic\0827_API_02_Graphic.vcxproj", "{F9329A0C-887F-42D7-AFF0-DB60D858C3EE}"
EndProject
Project("{8BC9CEB8-8B4A-11D0-8D11-00A0C91BC942}") = "0828_API_03_BLOCKGAME", "0828_API_03_BLOCKGAME\0828_API_03_BLOCKGAME.vcxproj", "{ED32AB32-646C-49B6-8E2B-33098D33D7A9}"
EndProject
Project("{8BC9CEB8-8B4A-11D0-8D11-00A0C91BC942}") = "0830_API_01_BitMap", "0830_API_01_BitMap\0830_API_01_BitMap.vcxproj", "{4C7CC683-E286-4664-A5B1-A4A67A57BE5D}"
EndProject
Project("{8BC9CEB8-8B4A-11D0-8D11-00A0C91BC942}") = "0830_API_02_BITGAME", "0830_API_02_BITGAME\0830_API_02_BITGAME.vcxproj", "{C27B2564-C04A-48DC-8174-13E96E975FB1}"
EndProject
Global
	GlobalSection(SolutionConfigurationPlatforms) = preSolution
		Debug|x64 = Debug|x64
		Debug|x86 = Debug|x86
		Release|x64 = Release|x64
		Release|x86 = Release|x86
	EndGlobalSection
	GlobalSection(ProjectConfigurationPlatforms) = postSolution
		{1E4DFF1C-A3EA-4E7D-AD94-354D0C8A3763}.Debug|x64.ActiveCfg = Debug|x64
		{1E4DFF1C-A3EA-4E7D-AD94-354D0C8A3763}.Debug|x64.Build.0 = Debug|x64
		{1E4DFF1C-A3EA-4E7D-AD94-354D0C8A3763}.Debug|x86.ActiveCfg = Debug|Win32
		{1E4DFF1C-A3EA-4E7D-AD94-354D0C8A3763}.Debug|x86.Build.0 = Debug|Win32
		{1E4DFF1C-A3EA-4E7D-AD94-354D0C8A3763}.Release|x64.ActiveCfg = Release|x64
		{1E4DFF1C-A3EA-4E7D-AD94-354D0C8A3763}.Release|x64.Build.0 = Release|x64
		{1E4DFF1C-A3EA-4E7D-AD94-354D0C8A3763}.Release|x86.ActiveCfg = Release|Win32
		{1E4DFF1C-A3EA-4E7D-AD94-354D0C8A3763}.Release|x86.Build.0 = Release|Win32
		{3213F121-AEBE-487D-BBA6-2F30F01BC81C}.Debug|x64.ActiveCfg = Debug|x64
		{3213F121-AEBE-487D-BBA6-2F30F01BC81C}.Debug|x64.Build.0 = Debug|x64
		{3213F121-AEBE-487D-BBA6-2F30F01BC81C}.Debug|x86.ActiveCfg = Debug|Win32
		{3213F121-AEBE-487D-BBA6-2F30F01BC81C}.Debug|x86.Build.0 = Debug|Win32
		{3213F121-AEBE-487D-BBA6-2F30F01BC81C}.Release|x64.ActiveCfg = Release|x64
		{3213F121-AEBE-487D-BBA6-2F30F01BC81C}.Release|x64.Build.0 = Release|x64
		{3213F121-AEBE-487D-BBA6-2F30F01BC81C}.Release|x86.ActiveCfg = Release|Win32
		{3213F121-AEBE-487D-BBA6-2F30F01BC81C}.Release|x86.Build.0 = Release|Win32
		{87753021-9671-40FD-86A6-3BBFBBDC6224}.Debug|x64.ActiveCfg = Debug|x64
		{87753021-9671-40FD-86A6-3BBFBBDC6224}.Debug|x64.Build.0 = Debug|x64
		{87753021-9671-40FD-86A6-3BBFBBDC6224}.Debug|x86.ActiveCfg = Debug|Win32
		{87753021-9671-40FD-86A6-3BBFBBDC6224}.Debug|x86.Build.0 = Debug|Win32
		{87753021-9671-40FD-86A6-3BBFBBDC6224}.Release|x64.ActiveCfg = Release|x64
		{87753021-9671-40FD-86A6-3BBFBBDC6224}.Release|x64.Build.0 = Release|x64
		{87753021-9671-40FD-86A6-3BBFBBDC6224}.Release|x86.ActiveCfg = Release|Win32
		{87753021-9671-40FD-86A6-3BBFBBDC6224}.Release|x86.Build.0 = Release|Win32
		{56BEA3BB-56D0-46ED-A6F8-D990640B9957}.Debug|x64.ActiveCfg = Debug|x64
		{56BEA3BB-56D0-46ED-A6F8-D990640B9957}.Debug|x64.Build.0 = Debug|x64
		{56BEA3BB-56D0-46ED-A6F8-D990640B9957}.Debug|x86.ActiveCfg = Debug|Win32
		{56BEA3BB-56D0-46ED-A6F8-D990640B9957}.Debug|x86.Build.0 = Debug|Win32
		{56BEA3BB-56D0-46ED-A6F8-D990640B9957}.Release|x64.ActiveCfg = Release|x64
		{56BEA3BB-56D0-46ED-A6F8-D990640B9957}.Release|x64.Build.0 = Release|x64
		{56BEA3BB-56D0-46ED-A6F8-D990640B9957}.Release|x86.ActiveCfg = Release|Win32
		{56BEA3BB-56D0-46ED-A6F8-D990640B9957}.Release|x86.Build.0 = Release|Win32
		{F624C81D-2685-4361-9AD5-76C6E9C5B2D5}.Debug|x64.ActiveCfg = Debug|x64
		{F624C81D-2685-4361-9AD5-76C6E9C5B2D5}.Debug|x64.Build.0 = Debug|x64
		{F624C81D-2685-4361-9AD5-76C6E9C5B2D5}.Debug|x86.ActiveCfg = Debug|Win32
		{F624C81D-2685-4361-9AD5-76C6E9C5B2D5}.Debug|x86.Build.0 = Debug|Win32
		{F624C81D-2685-4361-9AD5-76C6E9C5B2D5}.Release|x64.ActiveCfg = Release|x64
		{F624C81D-2685-4361-9AD5-76C6E9C5B2D5}.Release|x64.Build.0 = Release|x64
		{F624C81D-2685-4361-9AD5-76C6E9C5B2D5}.Release|x86.ActiveCfg = Release|Win32
		{F624C81D-2685-4361-9AD5-76C6E9C5B2D5}.Release|x86.Build.0 = Release|Win32
		{0953F224-3590-44E6-B8F6-823E43000B99}.Debug|x64.ActiveCfg = Debug|x64
		{0953F224-3590-44E6-B8F6-823E43000B99}.Debug|x64.Build.0 = Debug|x64
		{0953F224-3590-44E6-B8F6-823E43000B99}.Debug|x86.ActiveCfg = Debug|Win32
		{0953F224-3590-44E6-B8F6-823E43000B99}.Debug|x86.Build.0 = Debug|Win32
		{0953F224-3590-44E6-B8F6-823E43000B99}.Release|x64.ActiveCfg = Release|x64
		{0953F224-3590-44E6-B8F6-823E43000B99}.Release|x64.Build.0 = Release|x64
		{0953F224-3590-44E6-B8F6-823E43000B99}.Release|x86.ActiveCfg = Release|Win32
		{0953F224-3590-44E6-B8F6-823E43000B99}.Release|x86.Build.0 = Release|Win32
		{D447FF25-5095-46FD-BB05-B683186ED9EE}.Debug|x64.ActiveCfg = Debug|x64
		{D447FF25-5095-46FD-BB05-B683186ED9EE}.Debug|x64.Build.0 = Debug|x64
		{D447FF25-5095-46FD-BB05-B683186ED9EE}.Debug|x86.ActiveCfg = Debug|Win32
		{D447FF25-5095-46FD-BB05-B683186ED9EE}.Debug|x86.Build.0 = Debug|Win32
		{D447FF25-5095-46FD-BB05-B683186ED9EE}.Release|x64.ActiveCfg = Release|x64
		{D447FF25-5095-46FD-BB05-B683186ED9EE}.Release|x64.Build.0 = Release|x64
		{D447FF25-5095-46FD-BB05-B683186ED9EE}.Release|x86.ActiveCfg = Release|Win32
		{D447FF25-5095-46FD-BB05-B683186ED9EE}.Release|x86.Build.0 = Release|Win32
		{0736D7CE-229D-4717-9509-8CAE80FD50D1}.Debug|x64.ActiveCfg = Debug|x64
		{0736D7CE-229D-4717-9509-8CAE80FD50D1}.Debug|x64.Build.0 = Debug|x64
		{0736D7CE-229D-4717-9509-8CAE80FD50D1}.Debug|x86.ActiveCfg = Debug|Win32
		{0736D7CE-229D-4717-9509-8CAE80FD50D1}.Debug|x86.Build.0 = Debug|Win32
		{0736D7CE-229D-4717-9509-8CAE80FD50D1}.Release|x64.ActiveCfg = Release|x64
		{0736D7CE-229D-4717-9509-8CAE80FD50D1}.Release|x64.Build.0 = Release|x64
		{0736D7CE-229D-4717-9509-8CAE80FD50D1}.Release|x86.ActiveCfg = Release|Win32
		{0736D7CE-229D-4717-9509-8CAE80FD50D1}.Release|x86.Build.0 = Release|Win32
		{1CCF45C2-1019-428C-8404-04CEEF5049D5}.Debug|x64.ActiveCfg = Debug|x64
		{1CCF45C2-1019-428C-8404-04CEEF5049D5}.Debug|x64.Build.0 = Debug|x64
		{1CCF45C2-1019-428C-8404-04CEEF5049D5}.Debug|x86.ActiveCfg = Debug|Win32
		{1CCF45C2-1019-428C-8404-04CEEF5049D5}.Debug|x86.Build.0 = Debug|Win32
		{1CCF45C2-1019-428C-8404-04CEEF5049D5}.Release|x64.ActiveCfg = Release|x64
		{1CCF45C2-1019-428C-8404-04CEEF5049D5}.Release|x64.Build.0 = Release|x64
		{1CCF45C2-1019-428C-8404-04CEEF5049D5}.Release|x86.ActiveCfg = Release|Win32
		{1CCF45C2-1019-428C-8404-04CEEF5049D5}.Release|x86.Build.0 = Release|Win32
		{B4CFBB30-0AE1-453F-86A1-98EDBAD71FF0}.Debug|x64.ActiveCfg = Debug|x64
		{B4CFBB30-0AE1-453F-86A1-98EDBAD71FF0}.Debug|x64.Build.0 = Debug|x64
		{B4CFBB30-0AE1-453F-86A1-98EDBAD71FF0}.Debug|x86.ActiveCfg = Debug|Win32
		{B4CFBB30-0AE1-453F-86A1-98EDBAD71FF0}.Debug|x86.Build.0 = Debug|Win32
		{B4CFBB30-0AE1-453F-86A1-98EDBAD71FF0}.Release|x64.ActiveCfg = Release|x64
		{B4CFBB30-0AE1-453F-86A1-98EDBAD71FF0}.Release|x64.Build.0 = Release|x64
		{B4CFBB30-0AE1-453F-86A1-98EDBAD71FF0}.Release|x86.ActiveCfg = Release|Win32
		{B4CFBB30-0AE1-453F-86A1-98EDBAD71FF0}.Release|x86.Build.0 = Release|Win32
		{285E061B-71B2-4ABB-BFAF-0B27270B6182}.Debug|x64.ActiveCfg = Debug|x64
		{285E061B-71B2-4ABB-BFAF-0B27270B6182}.Debug|x64.Build.0 = Debug|x64
		{285E061B-71B2-4ABB-BFAF-0B27270B6182}.Debug|x86.ActiveCfg = Debug|Win32
		{285E061B-71B2-4ABB-BFAF-0B27270B6182}.Debug|x86.Build.0 = Debug|Win32
		{285E061B-71B2-4ABB-BFAF-0B27270B6182}.Release|x64.ActiveCfg = Release|x64
		{285E061B-71B2-4ABB-BFAF-0B27270B6182}.Release|x64.Build.0 = Release|x64
		{285E061B-71B2-4ABB-BFAF-0B27270B6182}.Release|x86.ActiveCfg = Release|Win32
		{285E061B-71B2-4ABB-BFAF-0B27270B6182}.Release|x86.Build.0 = Release|Win32
		{1161BC5D-D0A3-41D8-8EB4-5CE6EBDECB9D}.Debug|x64.ActiveCfg = Debug|x64
		{1161BC5D-D0A3-41D8-8EB4-5CE6EBDECB9D}.Debug|x64.Build.0 = Debug|x64
		{1161BC5D-D0A3-41D8-8EB4-5CE6EBDECB9D}.Debug|x86.ActiveCfg = Debug|Win32
		{1161BC5D-D0A3-41D8-8EB4-5CE6EBDECB9D}.Debug|x86.Build.0 = Debug|Win32
		{1161BC5D-D0A3-41D8-8EB4-5CE6EBDECB9D}.Release|x64.ActiveCfg = Release|x64
		{1161BC5D-D0A3-41D8-8EB4-5CE6EBDECB9D}.Release|x64.Build.0 = Release|x64
		{1161BC5D-D0A3-41D8-8EB4-5CE6EBDECB9D}.Release|x86.ActiveCfg = Release|Win32
		{1161BC5D-D0A3-41D8-8EB4-5CE6EBDECB9D}.Release|x86.Build.0 = Release|Win32
		{FD58D9E5-5BA7-4155-9523-556AC4E1171D}.Debug|x64.ActiveCfg = Debug|x64
		{FD58D9E5-5BA7-4155-9523-556AC4E1171D}.Debug|x64.Build.0 = Debug|x64
		{FD58D9E5-5BA7-4155-9523-556AC4E1171D}.Debug|x86.ActiveCfg = Debug|Win32
		{FD58D9E5-5BA7-4155-9523-556AC4E1171D}.Debug|x86.Build.0 = Debug|Win32
		{FD58D9E5-5BA7-4155-9523-556AC4E1171D}.Release|x64.ActiveCfg = Release|x64
		{FD58D9E5-5BA7-4155-9523-556AC4E1171D}.Release|x64.Build.0 = Release|x64
		{FD58D9E5-5BA7-4155-9523-556AC4E1171D}.Release|x86.ActiveCfg = Release|Win32
		{FD58D9E5-5BA7-4155-9523-556AC4E1171D}.Release|x86.Build.0 = Release|Win32
		{143CEC55-83E1-4A55-A511-73895043C084}.Debug|x64.ActiveCfg = Debug|x64
		{143CEC55-83E1-4A55-A511-73895043C084}.Debug|x64.Build.0 = Debug|x64
		{143CEC55-83E1-4A55-A511-73895043C084}.Debug|x86.ActiveCfg = Debug|Win32
		{143CEC55-83E1-4A55-A511-73895043C084}.Debug|x86.Build.0 = Debug|Win32
		{143CEC55-83E1-4A55-A511-73895043C084}.Release|x64.ActiveCfg = Release|x64
		{143CEC55-83E1-4A55-A511-73895043C084}.Release|x64.Build.0 = Release|x64
		{143CEC55-83E1-4A55-A511-73895043C084}.Release|x86.ActiveCfg = Release|Win32
		{143CEC55-83E1-4A55-A511-73895043C084}.Release|x86.Build.0 = Release|Win32
		{636FD2D2-9B5E-4D6B-A225-C73369A4AAD4}.Debug|x64.ActiveCfg = Debug|x64
		{636FD2D2-9B5E-4D6B-A225-C73369A4AAD4}.Debug|x64.Build.0 = Debug|x64
		{636FD2D2-9B5E-4D6B-A225-C73369A4AAD4}.Debug|x86.ActiveCfg = Debug|Win32
		{636FD2D2-9B5E-4D6B-A225-C73369A4AAD4}.Debug|x86.Build.0 = Debug|Win32
		{636FD2D2-9B5E-4D6B-A225-C73369A4AAD4}.Release|x64.ActiveCfg = Release|x64
		{636FD2D2-9B5E-4D6B-A225-C73369A4AAD4}.Release|x64.Build.0 = Release|x64
		{636FD2D2-9B5E-4D6B-A225-C73369A4AAD4}.Release|x86.ActiveCfg = Release|Win32
		{636FD2D2-9B5E-4D6B-A225-C73369A4AAD4}.Release|x86.Build.0 = Release|Win32
		{728F1AD4-EE1B-4C57-BF88-8A033F72E1B3}.Debug|x64.ActiveCfg = Debug|x64
		{728F1AD4-EE1B-4C57-BF88-8A033F72E1B3}.Debug|x64.Build.0 = Debug|x64
		{728F1AD4-EE1B-4C57-BF88-8A033F72E1B3}.Debug|x86.ActiveCfg = Debug|Win32
		{728F1AD4-EE1B-4C57-BF88-8A033F72E1B3}.Debug|x86.Build.0 = Debug|Win32
		{728F1AD4-EE1B-4C57-BF88-8A033F72E1B3}.Release|x64.ActiveCfg = Release|x64
		{728F1AD4-EE1B-4C57-BF88-8A033F72E1B3}.Release|x64.Build.0 = Release|x64
		{728F1AD4-EE1B-4C57-BF88-8A033F72E1B3}.Release|x86.ActiveCfg = Release|Win32
		{728F1AD4-EE1B-4C57-BF88-8A033F72E1B3}.Release|x86.Build.0 = Release|Win32
		{A4236692-6981-4AF8-B76F-562A3BDA84AA}.Debug|x64.ActiveCfg = Debug|x64
		{A4236692-6981-4AF8-B76F-562A3BDA84AA}.Debug|x64.Build.0 = Debug|x64
		{A4236692-6981-4AF8-B76F-562A3BDA84AA}.Debug|x86.ActiveCfg = Debug|Win32
		{A4236692-6981-4AF8-B76F-562A3BDA84AA}.Debug|x86.Build.0 = Debug|Win32
		{A4236692-6981-4AF8-B76F-562A3BDA84AA}.Release|x64.ActiveCfg = Release|x64
		{A4236692-6981-4AF8-B76F-562A3BDA84AA}.Release|x64.Build.0 = Release|x64
		{A4236692-6981-4AF8-B76F-562A3BDA84AA}.Release|x86.ActiveCfg = Release|Win32
		{A4236692-6981-4AF8-B76F-562A3BDA84AA}.Release|x86.Build.0 = Release|Win32
		{B7EC0DC5-A184-4A8E-AB85-75FAB49DF859}.Debug|x64.ActiveCfg = Debug|x64
		{B7EC0DC5-A184-4A8E-AB85-75FAB49DF859}.Debug|x64.Build.0 = Debug|x64
		{B7EC0DC5-A184-4A8E-AB85-75FAB49DF859}.Debug|x86.ActiveCfg = Debug|Win32
		{B7EC0DC5-A184-4A8E-AB85-75FAB49DF859}.Debug|x86.Build.0 = Debug|Win32
		{B7EC0DC5-A184-4A8E-AB85-75FAB49DF859}.Release|x64.ActiveCfg = Release|x64
		{B7EC0DC5-A184-4A8E-AB85-75FAB49DF859}.Release|x64.Build.0 = Release|x64
		{B7EC0DC5-A184-4A8E-AB85-75FAB49DF859}.Release|x86.ActiveCfg = Release|Win32
		{B7EC0DC5-A184-4A8E-AB85-75FAB49DF859}.Release|x86.Build.0 = Release|Win32
		{99D27D5A-94DC-4FA6-A2F7-335E1471E337}.Debug|x64.ActiveCfg = Debug|x64
		{99D27D5A-94DC-4FA6-A2F7-335E1471E337}.Debug|x64.Build.0 = Debug|x64
		{99D27D5A-94DC-4FA6-A2F7-335E1471E337}.Debug|x86.ActiveCfg = Debug|Win32
		{99D27D5A-94DC-4FA6-A2F7-335E1471E337}.Debug|x86.Build.0 = Debug|Win32
		{99D27D5A-94DC-4FA6-A2F7-335E1471E337}.Release|x64.ActiveCfg = Release|x64
		{99D27D5A-94DC-4FA6-A2F7-335E1471E337}.Release|x64.Build.0 = Release|x64
		{99D27D5A-94DC-4FA6-A2F7-335E1471E337}.Release|x86.ActiveCfg = Release|Win32
		{99D27D5A-94DC-4FA6-A2F7-335E1471E337}.Release|x86.Build.0 = Release|Win32
		{8DFF78B6-B525-4A35-8581-4AC38A049055}.Debug|x64.ActiveCfg = Debug|x64
		{8DFF78B6-B525-4A35-8581-4AC38A049055}.Debug|x64.Build.0 = Debug|x64
		{8DFF78B6-B525-4A35-8581-4AC38A049055}.Debug|x86.ActiveCfg = Debug|Win32
		{8DFF78B6-B525-4A35-8581-4AC38A049055}.Debug|x86.Build.0 = Debug|Win32
		{8DFF78B6-B525-4A35-8581-4AC38A049055}.Release|x64.ActiveCfg = Release|x64
		{8DFF78B6-B525-4A35-8581-4AC38A049055}.Release|x64.Build.0 = Release|x64
		{8DFF78B6-B525-4A35-8581-4AC38A049055}.Release|x86.ActiveCfg = Release|Win32
		{8DFF78B6-B525-4A35-8581-4AC38A049055}.Release|x86.Build.0 = Release|Win32
		{F9329A0C-887F-42D7-AFF0-DB60D858C3EE}.Debug|x64.ActiveCfg = Debug|x64
		{F9329A0C-887F-42D7-AFF0-DB60D858C3EE}.Debug|x64.Build.0 = Debug|x64
		{F9329A0C-887F-42D7-AFF0-DB60D858C3EE}.Debug|x86.ActiveCfg = Debug|Win32
		{F9329A0C-887F-42D7-AFF0-DB60D858C3EE}.Debug|x86.Build.0 = Debug|Win32
		{F9329A0C-887F-42D7-AFF0-DB60D858C3EE}.Release|x64.ActiveCfg = Release|x64
		{F9329A0C-887F-42D7-AFF0-DB60D858C3EE}.Release|x64.Build.0 = Release|x64
		{F9329A0C-887F-42D7-AFF0-DB60D858C3EE}.Release|x86.ActiveCfg = Release|Win32
		{F9329A0C-887F-42D7-AFF0-DB60D858C3EE}.Release|x86.Build.0 = Release|Win32
		{ED32AB32-646C-49B6-8E2B-33098D33D7A9}.Debug|x64.ActiveCfg = Debug|x64
		{ED32AB32-646C-49B6-8E2B-33098D33D7A9}.Debug|x64.Build.0 = Debug|x64
		{ED32AB32-646C-49B6-8E2B-33098D33D7A9}.Debug|x86.ActiveCfg = Debug|Win32
		{ED32AB32-646C-49B6-8E2B-33098D33D7A9}.Debug|x86.Build.0 = Debug|Win32
		{ED32AB32-646C-49B6-8E2B-33098D33D7A9}.Release|x64.ActiveCfg = Release|x64
		{ED32AB32-646C-49B6-8E2B-33098D33D7A9}.Release|x64.Build.0 = Release|x64
		{ED32AB32-646C-49B6-8E2B-33098D33D7A9}.Release|x86.ActiveCfg = Release|Win32
		{ED32AB32-646C-49B6-8E2B-33098D33D7A9}.Release|x86.Build.0 = Release|Win32
		{4C7CC683-E286-4664-A5B1-A4A67A57BE5D}.Debug|x64.ActiveCfg = Debug|x64
		{4C7CC683-E286-4664-A5B1-A4A67A57BE5D}.Debug|x64.Build.0 = Debug|x64
		{4C7CC683-E286-4664-A5B1-A4A67A57BE5D}.Debug|x86.ActiveCfg = Debug|Win32
		{4C7CC683-E286-4664-A5B1-A4A67A57BE5D}.Debug|x86.Build.0 = Debug|Win32
		{4C7CC683-E286-4664-A5B1-A4A67A57BE5D}.Release|x64.ActiveCfg = Release|x64
		{4C7CC683-E286-4664-A5B1-A4A67A57BE5D}.Release|x64.Build.0 = Release|x64
		{4C7CC683-E286-4664-A5B1-A4A67A57BE5D}.Release|x86.ActiveCfg = Release|Win32
		{4C7CC683-E286-4664-A5B1-A4A67A57BE5D}.Release|x86.Build.0 = Release|Win32
		{C27B2564-C04A-48DC-8174-13E96E975FB1}.Debug|x64.ActiveCfg = Debug|x64
		{C27B2564-C04A-48DC-8174-13E96E975FB1}.Debug|x64.Build.0 = Debug|x64
		{C27B2564-C04A-48DC-8174-13E96E975FB1}.Debug|x86.ActiveCfg = Debug|Win32
		{C27B2564-C04A-48DC-8174-13E96E975FB1}.Debug|x86.Build.0 = Debug|Win32
		{C27B2564-C04A-48DC-8174-13E96E975FB1}.Release|x64.ActiveCfg = Release|x64
		{C27B2564-C04A-48DC-8174-13E96E975FB1}.Release|x64.Build.0 = Release|x64
		{C27B2564-C04A-48DC-8174-13E96E975FB1}.Release|x86.ActiveCfg = Release|Win32
		{C27B2564-C04A-48DC-8174-13E96E975FB1}.Release|x86.Build.0 = Release|Win32
	EndGlobalSection
	GlobalSection(SolutionProperties) = preSolution
		HideSolutionNode = FALSE
	EndGlobalSection
	GlobalSection(ExtensibilityGlobals) = postSolution
		SolutionGuid = {15D738B9-554A-42F6-8A7D-B7397C9C8AC6}
	EndGlobalSection
EndGlobal
