<?xml version="1.0" encoding="utf-8"?>
<Project ToolsVersion="4.0" xmlns="http://schemas.microsoft.com/developer/msbuild/2003">
  <ItemGroup>
    <Filter Include="소스 파일">
      <UniqueIdentifier>{4FC737F1-C7A5-4376-A066-2A32D752A2FF}</UniqueIdentifier>
      <Extensions>cpp;c;cc;cxx;def;odl;idl;hpj;bat;asm;asmx</Extensions>
    </Filter>
    <Filter Include="헤더 파일">
      <UniqueIdentifier>{93995380-89BD-4b04-88EB-625FBE52EBFB}</UniqueIdentifier>
      <Extensions>h;hh;hpp;hxx;hm;inl;inc;ipp;xsd</Extensions>
    </Filter>
    <Filter Include="리소스 파일">
      <UniqueIdentifier>{67DA6AB6-F800-4c08-8B7A-83BB121AAD01}</UniqueIdentifier>
      <Extensions>rc;ico;cur;bmp;dlg;rc2;rct;bin;rgs;gif;jpg;jpeg;jpe;resx;tiff;tif;png;wav;mfcribbon-ms</Extensions>
    </Filter>
    <Filter Include="01.Core">
      <UniqueIdentifier>{bec144b6-fb3b-47bb-88b9-6227bb9864f3}</UniqueIdentifier>
    </Filter>
    <Filter Include="02.Resource">
      <UniqueIdentifier>{4de88c4d-7e76-4668-bcff-711fa087f7bf}</UniqueIdentifier>
    </Filter>
  </ItemGroup>
  <ItemGroup>
    <ClCompile Include="Main.cpp">
      <Filter>소스 파일</Filter>
    </ClCompile>
    <ClCompile Include="defines.h">
      <Filter>헤더 파일</Filter>
    </ClCompile>
    <ClCompile Include="CCore.cpp">
      <Filter>01.Core</Filter>
    </ClCompile>
    <ClCompile Include="CResManager.cpp">
      <Filter>02.Resource</Filter>
    </ClCompile>
    <ClCompile Include="CBitMap.cpp">
      <Filter>02.Resource</Filter>
    </ClCompile>
  </ItemGroup>
  <ItemGroup>
    <ClInclude Include="value.h">
      <Filter>헤더 파일</Filter>
    </ClInclude>
    <ClInclude Include="CCore.h">
      <Filter>01.Core</Filter>
    </ClInclude>
    <ClInclude Include="CResManager.h">
      <Filter>02.Resource</Filter>
    </ClInclude>
    <ClInclude Include="CBitMap.h">
      <Filter>02.Resource</Filter>
    </ClInclude>
  </ItemGroup>
</Project>