<?xml version="1.0" encoding="utf-8"?>
<Project ToolsVersion="4.0" xmlns="http://schemas.microsoft.com/developer/msbuild/2003">
  <ItemGroup>
    <Filter Include="소스 파일">
      <UniqueIdentifier>{4FC737F1-C7A5-4376-A066-2A32D752A2FF}</UniqueIdentifier>
      <Extensions>cpp;c;cc;cxx;def;odl;idl;hpj;bat;asm;asmx</Extensions>
    </Filter>
    <Filter Include="헤더 파일">
      <UniqueIdentifier>{93995380-89BD-4b04-88EB-625FBE52EBFB}</UniqueIdentifier>
      <Extensions>h;hh;hpp;hxx;hm;inl;inc;ipp;xsd</Extensions>
    </Filter>
    <Filter Include="리소스 파일">
      <UniqueIdentifier>{67DA6AB6-F800-4c08-8B7A-83BB121AAD01}</UniqueIdentifier>
      <Extensions>rc;ico;cur;bmp;dlg;rc2;rct;bin;rgs;gif;jpg;jpeg;jpe;resx;tiff;tif;png;wav;mfcribbon-ms</Extensions>
    </Filter>
    <Filter Include="01.Core">
      <UniqueIdentifier>{77f01898-4a97-480b-aae0-64d56429b3c8}</UniqueIdentifier>
    </Filter>
    <Filter Include="02.Resource">
      <UniqueIdentifier>{3e3b4538-3fa9-4268-aa50-ee2cb89bb711}</UniqueIdentifier>
    </Filter>
    <Filter Include="03.Tile">
      <UniqueIdentifier>{de4b0e1e-fad7-43c0-974d-89663fb11e3f}</UniqueIdentifier>
    </Filter>
    <Filter Include="04.Player">
      <UniqueIdentifier>{054cde77-0b13-4512-b071-88da2ce55a51}</UniqueIdentifier>
    </Filter>
    <Filter Include="05.ChessPiece">
      <UniqueIdentifier>{266d80af-dbd7-4444-895b-fe6bf7d578e6}</UniqueIdentifier>
    </Filter>
  </ItemGroup>
  <ItemGroup>
    <ClCompile Include="Main.cpp">
      <Filter>소스 파일</Filter>
    </ClCompile>
    <ClCompile Include="MainGame.cpp">
      <Filter>01.Core</Filter>
    </ClCompile>
    <ClCompile Include="BitMap.cpp">
      <Filter>02.Resource</Filter>
    </ClCompile>
    <ClCompile Include="ResManager.cpp">
      <Filter>02.Resource</Filter>
    </ClCompile>
    <ClCompile Include="BoardTile.cpp">
      <Filter>03.Tile</Filter>
    </ClCompile>
    <ClCompile Include="Player.cpp">
      <Filter>04.Player</Filter>
    </ClCompile>
    <ClCompile Include="ChessPieceManager.cpp">
      <Filter>05.ChessPiece</Filter>
    </ClCompile>
    <ClCompile Include="ChessPiece.cpp">
      <Filter>05.ChessPiece</Filter>
    </ClCompile>
    <ClCompile Include="ChessKing.cpp">
      <Filter>05.ChessPiece</Filter>
    </ClCompile>
    <ClCompile Include="ChessQueen.cpp">
      <Filter>05.ChessPiece</Filter>
    </ClCompile>
    <ClCompile Include="ChessBishop.cpp">
      <Filter>05.ChessPiece</Filter>
    </ClCompile>
    <ClCompile Include="ChessKnight.cpp">
      <Filter>05.ChessPiece</Filter>
    </ClCompile>
    <ClCompile Include="ChessPawn.cpp">
      <Filter>05.ChessPiece</Filter>
    </ClCompile>
    <ClCompile Include="ChessRook.cpp">
      <Filter>05.ChessPiece</Filter>
    </ClCompile>
  </ItemGroup>
  <ItemGroup>
    <ClInclude Include="MainGame.h">
      <Filter>01.Core</Filter>
    </ClInclude>
    <ClInclude Include="BitMap.h">
      <Filter>02.Resource</Filter>
    </ClInclude>
    <ClInclude Include="ResManager.h">
      <Filter>02.Resource</Filter>
    </ClInclude>
    <ClInclude Include="BoardTile.h">
      <Filter>03.Tile</Filter>
    </ClInclude>
    <ClInclude Include="Player.h">
      <Filter>04.Player</Filter>
    </ClInclude>
    <ClInclude Include="defines.h">
      <Filter>헤더 파일</Filter>
    </ClInclude>
    <ClInclude Include="value.h">
      <Filter>헤더 파일</Filter>
    </ClInclude>
    <ClInclude Include="ChessPieceManager.h">
      <Filter>05.ChessPiece</Filter>
    </ClInclude>
    <ClInclude Include="ChessPiece.h">
      <Filter>05.ChessPiece</Filter>
    </ClInclude>
    <ClInclude Include="ChessKing.h">
      <Filter>05.ChessPiece</Filter>
    </ClInclude>
    <ClInclude Include="ChessQueen.h">
      <Filter>05.ChessPiece</Filter>
    </ClInclude>
    <ClInclude Include="ChessBishop.h">
      <Filter>05.ChessPiece</Filter>
    </ClInclude>
    <ClInclude Include="ChessKnight.h">
      <Filter>05.ChessPiece</Filter>
    </ClInclude>
    <ClInclude Include="ChessPawn.h">
      <Filter>05.ChessPiece</Filter>
    </ClInclude>
    <ClInclude Include="ChessRook.h">
      <Filter>05.ChessPiece</Filter>
    </ClInclude>
    <ClInclude Include="Flags.h">
      <Filter>헤더 파일</Filter>
    </ClInclude>
  </ItemGroup>
</Project>