<?xml version="1.0" encoding="utf-8"?>
<Project ToolsVersion="4.0" xmlns="http://schemas.microsoft.com/developer/msbuild/2003">
  <ItemGroup>
    <Filter Include="소스 파일">
      <UniqueIdentifier>{4FC737F1-C7A5-4376-A066-2A32D752A2FF}</UniqueIdentifier>
      <Extensions>cpp;c;cc;cxx;def;odl;idl;hpj;bat;asm;asmx</Extensions>
    </Filter>
    <Filter Include="헤더 파일">
      <UniqueIdentifier>{93995380-89BD-4b04-88EB-625FBE52EBFB}</UniqueIdentifier>
      <Extensions>h;hh;hpp;hxx;hm;inl;inc;ipp;xsd</Extensions>
    </Filter>
    <Filter Include="리소스 파일">
      <UniqueIdentifier>{67DA6AB6-F800-4c08-8B7A-83BB121AAD01}</UniqueIdentifier>
      <Extensions>rc;ico;cur;bmp;dlg;rc2;rct;bin;rgs;gif;jpg;jpeg;jpe;resx;tiff;tif;png;wav;mfcribbon-ms</Extensions>
    </Filter>
    <Filter Include="01.Core">
      <UniqueIdentifier>{bec144b6-fb3b-47bb-88b9-6227bb9864f3}</UniqueIdentifier>
    </Filter>
    <Filter Include="02.Resource">
      <UniqueIdentifier>{4de88c4d-7e76-4668-bcff-711fa087f7bf}</UniqueIdentifier>
    </Filter>
    <Filter Include="03.Scene">
      <UniqueIdentifier>{076844d5-bd61-4391-9ec1-8f3e0f164b3c}</UniqueIdentifier>
    </Filter>
    <Filter Include="01.Core\01.Timer">
      <UniqueIdentifier>{6a2b9361-d17a-4aec-b2b9-35f1fb982e4e}</UniqueIdentifier>
    </Filter>
    <Filter Include="03.Scene\01.Layer">
      <UniqueIdentifier>{2dbddb7d-da2d-4314-ae16-e6535ced82e2}</UniqueIdentifier>
    </Filter>
    <Filter Include="04.Object">
      <UniqueIdentifier>{d3b23b13-d4cb-4778-916b-39a200a98048}</UniqueIdentifier>
    </Filter>
    <Filter Include="01.Core\02.Path">
      <UniqueIdentifier>{24c461f4-d133-4a7f-9a39-56e7576d2ede}</UniqueIdentifier>
    </Filter>
    <Filter Include="04.Object\01.Room">
      <UniqueIdentifier>{26d98141-9e06-4f46-a371-6cf6501f5176}</UniqueIdentifier>
    </Filter>
    <Filter Include="04.Object\02.UI">
      <UniqueIdentifier>{69b2818a-6c33-4a58-86e1-6cf91eb9394f}</UniqueIdentifier>
    </Filter>
    <Filter Include="04.Object\03.Lobby">
      <UniqueIdentifier>{f699e814-de8d-42a7-8968-841559a0e2e6}</UniqueIdentifier>
    </Filter>
    <Filter Include="01.Core\03.Input">
      <UniqueIdentifier>{9c4bcb49-460c-4e6f-9a79-7dae2112b1b9}</UniqueIdentifier>
    </Filter>
    <Filter Include="05.Collider">
      <UniqueIdentifier>{4bffd2ce-d35f-44e5-860f-27e981675f5d}</UniqueIdentifier>
    </Filter>
  </ItemGroup>
  <ItemGroup>
    <ClCompile Include="defines.h">
      <Filter>헤더 파일</Filter>
    </ClCompile>
    <ClCompile Include="Main.cpp">
      <Filter>소스 파일</Filter>
    </ClCompile>
    <ClCompile Include="Scene\SceneManager.cpp">
      <Filter>03.Scene</Filter>
    </ClCompile>
    <ClCompile Include="Scene\CScene.cpp">
      <Filter>03.Scene</Filter>
    </ClCompile>
    <ClCompile Include="Scene\CInGameScene.cpp">
      <Filter>03.Scene</Filter>
    </ClCompile>
    <ClCompile Include="Core\CTimer.cpp">
      <Filter>01.Core\01.Timer</Filter>
    </ClCompile>
    <ClCompile Include="Scene\CLayer.cpp">
      <Filter>03.Scene\01.Layer</Filter>
    </ClCompile>
    <ClCompile Include="Object\CObj.cpp">
      <Filter>04.Object</Filter>
    </ClCompile>
    <ClCompile Include="Object\CStaticObj.cpp">
      <Filter>04.Object</Filter>
    </ClCompile>
    <ClCompile Include="Object\CBox.cpp">
      <Filter>04.Object</Filter>
    </ClCompile>
    <ClCompile Include="Core\PathManager.cpp">
      <Filter>01.Core\02.Path</Filter>
    </ClCompile>
    <ClCompile Include="Core\CCore.cpp">
      <Filter>01.Core</Filter>
    </ClCompile>
    <ClCompile Include="Resources\CResourceManager.cpp">
      <Filter>02.Resource</Filter>
    </ClCompile>
    <ClCompile Include="Resources\CTexture.cpp">
      <Filter>02.Resource</Filter>
    </ClCompile>
    <ClCompile Include="Object\Room.cpp">
      <Filter>04.Object\01.Room</Filter>
    </ClCompile>
    <ClCompile Include="Scene\CStratScene.cpp">
      <Filter>03.Scene</Filter>
    </ClCompile>
    <ClCompile Include="Object\CUI.cpp">
      <Filter>04.Object\02.UI</Filter>
    </ClCompile>
    <ClCompile Include="Object\CUIPanel.cpp">
      <Filter>04.Object\02.UI</Filter>
    </ClCompile>
    <ClCompile Include="Object\Lobby.cpp">
      <Filter>04.Object\03.Lobby</Filter>
    </ClCompile>
    <ClCompile Include="Core\CInputManager.cpp">
      <Filter>01.Core\03.Input</Filter>
    </ClCompile>
    <ClCompile Include="Object\CUIButton.cpp">
      <Filter>04.Object\02.UI</Filter>
    </ClCompile>
    <ClCompile Include="Collider\CCollider.cpp">
      <Filter>05.Collider</Filter>
    </ClCompile>
    <ClCompile Include="Collider\CColliderManager.cpp">
      <Filter>05.Collider</Filter>
    </ClCompile>
    <ClCompile Include="Collider\CColliderRect.cpp">
      <Filter>05.Collider</Filter>
    </ClCompile>
    <ClCompile Include="Core\CRef.cpp">
      <Filter>01.Core</Filter>
    </ClCompile>
    <ClCompile Include="Object\CMouse.cpp">
      <Filter>04.Object\02.UI</Filter>
    </ClCompile>
    <ClCompile Include="Collider\CColliderPoint.cpp">
      <Filter>05.Collider</Filter>
    </ClCompile>
    <ClCompile Include="Main2.cpp">
      <Filter>소스 파일</Filter>
    </ClCompile>
  </ItemGroup>
  <ItemGroup>
    <ClInclude Include="value.h">
      <Filter>헤더 파일</Filter>
    </ClInclude>
    <ClInclude Include="resource.h">
      <Filter>헤더 파일</Filter>
    </ClInclude>
    <ClInclude Include="Types.h">
      <Filter>헤더 파일</Filter>
    </ClInclude>
    <ClInclude Include="Scene\SceneManager.h">
      <Filter>03.Scene</Filter>
    </ClInclude>
    <ClInclude Include="Scene\CScene.h">
      <Filter>03.Scene</Filter>
    </ClInclude>
    <ClInclude Include="Scene\CInGameScene.h">
      <Filter>03.Scene</Filter>
    </ClInclude>
    <ClInclude Include="flag.h">
      <Filter>헤더 파일</Filter>
    </ClInclude>
    <ClInclude Include="Core\CTimer.h">
      <Filter>01.Core\01.Timer</Filter>
    </ClInclude>
    <ClInclude Include="Scene\CLayer.h">
      <Filter>03.Scene\01.Layer</Filter>
    </ClInclude>
    <ClInclude Include="Object\CObj.h">
      <Filter>04.Object</Filter>
    </ClInclude>
    <ClInclude Include="Object\CStaticObj.h">
      <Filter>04.Object</Filter>
    </ClInclude>
    <ClInclude Include="Object\CBox.h">
      <Filter>04.Object</Filter>
    </ClInclude>
    <ClInclude Include="Core\PathManager.h">
      <Filter>01.Core\02.Path</Filter>
    </ClInclude>
    <ClInclude Include="Core\CCore.h">
      <Filter>01.Core</Filter>
    </ClInclude>
    <ClInclude Include="Resources\CResourceManager.h">
      <Filter>02.Resource</Filter>
    </ClInclude>
    <ClInclude Include="Resources\CTexture.h">
      <Filter>02.Resource</Filter>
    </ClInclude>
    <ClInclude Include="Object\Room.h">
      <Filter>04.Object\01.Room</Filter>
    </ClInclude>
    <ClInclude Include="Scene\CStratScene.h">
      <Filter>03.Scene</Filter>
    </ClInclude>
    <ClInclude Include="Object\CUI.h">
      <Filter>04.Object\02.UI</Filter>
    </ClInclude>
    <ClInclude Include="Object\CUIPanel.h">
      <Filter>04.Object\02.UI</Filter>
    </ClInclude>
    <ClInclude Include="Object\Lobby.h">
      <Filter>04.Object\03.Lobby</Filter>
    </ClInclude>
    <ClInclude Include="Core\CInputManager.h">
      <Filter>01.Core\03.Input</Filter>
    </ClInclude>
    <ClInclude Include="Object\CUIButton.h">
      <Filter>04.Object\02.UI</Filter>
    </ClInclude>
    <ClInclude Include="Collider\CCollider.h">
      <Filter>05.Collider</Filter>
    </ClInclude>
    <ClInclude Include="Collider\CColliderManager.h">
      <Filter>05.Collider</Filter>
    </ClInclude>
    <ClInclude Include="Collider\CColliderRect.h">
      <Filter>05.Collider</Filter>
    </ClInclude>
    <ClInclude Include="Core\CRef.h">
      <Filter>01.Core</Filter>
    </ClInclude>
    <ClInclude Include="Object\CMouse.h">
      <Filter>04.Object\02.UI</Filter>
    </ClInclude>
    <ClInclude Include="Collider\CColliderPoint.h">
      <Filter>05.Collider</Filter>
    </ClInclude>
  </ItemGroup>
  <ItemGroup>
    <ResourceCompile Include="1004_IOCP_CatchMind.rc">
      <Filter>리소스 파일</Filter>
    </ResourceCompile>
  </ItemGroup>
  <ItemGroup>
    <Image Include="icon1.ico">
      <Filter>리소스 파일</Filter>
    </Image>
  </ItemGroup>
</Project>